
Microsoft Visual Studio Solution File, Format Version 12.00
Project("{2150E333-8FDC-42A3-9474-1A3956D46DE8}") = "front", "front", "{F7D24C85-711E-4DC3-9793-BBB0FA98B204}"
EndProject
Project("{2150E333-8FDC-42A3-9474-1A3956D46DE8}") = "back", "back", "{842042C5-A482-4CAE-8AC5-FEC534BD1226}"
EndProject
Project("{2150E333-8FDC-42A3-9474-1A3956D46DE8}") = "src", "src", "{6A11AF56-45EF-4038-A33F-D5571CD4F1FA}"
EndProject
Project("{2150E333-8FDC-42A3-9474-1A3956D46DE8}") = "tests", "tests", "{CF1E3F31-D93A-4575-928B-EF19163CA181}"
EndProject
Project("{2150E333-8FDC-42A3-9474-1A3956D46DE8}") = "src", "src", "{E7FCEE21-2AD9-4B7C-A3BB-E4DD8525EF4C}"
EndProject
Project("{2150E333-8FDC-42A3-9474-1A3956D46DE8}") = "tests", "tests", "{7FE65F7D-41E9-4F6A-B696-B1B87BA6592A}"
EndProject
Global
	GlobalSection(SolutionConfigurationPlatforms) = preSolution
		Debug|Any CPU = Debug|Any CPU
		Release|Any CPU = Release|Any CPU
	EndGlobalSection
	GlobalSection(NestedProjects) = preSolution
		{6A11AF56-45EF-4038-A33F-D5571CD4F1FA} = {842042C5-A482-4CAE-8AC5-FEC534BD1226}
		{CF1E3F31-D93A-4575-928B-EF19163CA181} = {842042C5-A482-4CAE-8AC5-FEC534BD1226}
		{E7FCEE21-2AD9-4B7C-A3BB-E4DD8525EF4C} = {F7D24C85-711E-4DC3-9793-BBB0FA98B204}
		{7FE65F7D-41E9-4F6A-B696-B1B87BA6592A} = {F7D24C85-711E-4DC3-9793-BBB0FA98B204}
	EndGlobalSection
EndGlobal
